
Microsoft Visual Studio Solution File, Format Version 12.00
# Visual Studio 2012
Project("{FAE04EC0-301F-11D3-BF4B-00C04F79EFBC}") = "ConsoleApplication12", "ConsoleApplication12\ConsoleApplication12.csproj", "{05487D5B-5442-49F0-9770-53D225A2AF20}"
EndProject
Global
	GlobalSection(SolutionConfigurationPlatforms) = preSolution
		Debug|Any CPU = Debug|Any CPU
		Release|Any CPU = Release|Any CPU
	EndGlobalSection
	GlobalSection(ProjectConfigurationPlatforms) = postSolution
		{05487D5B-5442-49F0-9770-53D225A2AF20}.Debug|Any CPU.ActiveCfg = Debug|Any CPU
		{05487D5B-5442-49F0-9770-53D225A2AF20}.Debug|Any CPU.Build.0 = Debug|Any CPU
		{05487D5B-5442-49F0-9770-53D225A2AF20}.Release|Any CPU.ActiveCfg = Release|Any CPU
		{05487D5B-5442-49F0-9770-53D225A2AF20}.Release|Any CPU.Build.0 = Release|Any CPU
	EndGlobalSection
	GlobalSection(SolutionProperties) = preSolution
		HideSolutionNode = FALSE
	EndGlobalSection
EndGlobal
